
Microsoft Visual Studio Solution File, Format Version 12.00
# Visual Studio 15
VisualStudioVersion = 15.0.28307.489
MinimumVisualStudioVersion = 10.0.40219.1
Project("{FAE04EC0-301F-11D3-BF4B-00C04F79EFBC}") = "melisseApp1", "melisseApp1\melisseApp1.csproj", "{83D5F1D1-59EC-4065-9568-66A294677A44}"
EndProject
Global
	GlobalSection(SolutionConfigurationPlatforms) = preSolution
		Debug|Any CPU = Debug|Any CPU
		Release|Any CPU = Release|Any CPU
	EndGlobalSection
	GlobalSection(ProjectConfigurationPlatforms) = postSolution
		{83D5F1D1-59EC-4065-9568-66A294677A44}.Debug|Any CPU.ActiveCfg = Debug|Any CPU
		{83D5F1D1-59EC-4065-9568-66A294677A44}.Debug|Any CPU.Build.0 = Debug|Any CPU
		{83D5F1D1-59EC-4065-9568-66A294677A44}.Release|Any CPU.ActiveCfg = Release|Any CPU
		{83D5F1D1-59EC-4065-9568-66A294677A44}.Release|Any CPU.Build.0 = Release|Any CPU
	EndGlobalSection
	GlobalSection(SolutionProperties) = preSolution
		HideSolutionNode = FALSE
	EndGlobalSection
	GlobalSection(ExtensibilityGlobals) = postSolution
		SolutionGuid = {6CFFDE72-DCA5-4D82-B416-978C7D0E1206}
	EndGlobalSection
EndGlobal
